
Microsoft Visual Studio Solution File, Format Version 12.00
# Visual Studio Version 16
VisualStudioVersion = 16.0.31205.134
MinimumVisualStudioVersion = 10.0.40219.1
Project("{9A19103F-16F7-4668-BE54-9A1E7A4F7556}") = "HiddenVilla_Server", "HiddenVilla_Server\HiddenVilla_Server.csproj", "{96360218-9C40-4860-9584-4CCFFE8EFBFD}"
EndProject
Project("{9A19103F-16F7-4668-BE54-9A1E7A4F7556}") = "DataAccess", "DataAccess\DataAccess.csproj", "{FAC1D062-359C-4ABA-BCBA-5CC699DB3B27}"
EndProject
Project("{9A19103F-16F7-4668-BE54-9A1E7A4F7556}") = "Common", "Common\Common.csproj", "{B84F2689-959C-439D-B58A-8AE058E0A0B4}"
EndProject
Project("{9A19103F-16F7-4668-BE54-9A1E7A4F7556}") = "Business", "Business\Business.csproj", "{577E0176-33D9-4983-B6A9-909E087BC36D}"
EndProject
Project("{9A19103F-16F7-4668-BE54-9A1E7A4F7556}") = "Models", "Models\Models.csproj", "{C4463951-8D38-43CE-B8AF-5FCFBB8E2538}"
EndProject
Project("{9A19103F-16F7-4668-BE54-9A1E7A4F7556}") = "HIddenVilla_API", "HIddenVilla_API\HIddenVilla_API.csproj", "{60A526E9-8B5F-4388-82F5-5C5BC248B96C}"
EndProject
Project("{9A19103F-16F7-4668-BE54-9A1E7A4F7556}") = "HiddenVilla_Client", "HiddenVilla_Client\HiddenVilla_Client.csproj", "{A225878E-6777-4A5D-B897-0BA3D3E97AAA}"
EndProject
Global
	GlobalSection(SolutionConfigurationPlatforms) = preSolution
		Debug|Any CPU = Debug|Any CPU
		Release|Any CPU = Release|Any CPU
	EndGlobalSection
	GlobalSection(ProjectConfigurationPlatforms) = postSolution
		{96360218-9C40-4860-9584-4CCFFE8EFBFD}.Debug|Any CPU.ActiveCfg = Debug|Any CPU
		{96360218-9C40-4860-9584-4CCFFE8EFBFD}.Debug|Any CPU.Build.0 = Debug|Any CPU
		{96360218-9C40-4860-9584-4CCFFE8EFBFD}.Release|Any CPU.ActiveCfg = Release|Any CPU
		{96360218-9C40-4860-9584-4CCFFE8EFBFD}.Release|Any CPU.Build.0 = Release|Any CPU
		{FAC1D062-359C-4ABA-BCBA-5CC699DB3B27}.Debug|Any CPU.ActiveCfg = Debug|Any CPU
		{FAC1D062-359C-4ABA-BCBA-5CC699DB3B27}.Debug|Any CPU.Build.0 = Debug|Any CPU
		{FAC1D062-359C-4ABA-BCBA-5CC699DB3B27}.Release|Any CPU.ActiveCfg = Release|Any CPU
		{FAC1D062-359C-4ABA-BCBA-5CC699DB3B27}.Release|Any CPU.Build.0 = Release|Any CPU
		{B84F2689-959C-439D-B58A-8AE058E0A0B4}.Debug|Any CPU.ActiveCfg = Debug|Any CPU
		{B84F2689-959C-439D-B58A-8AE058E0A0B4}.Debug|Any CPU.Build.0 = Debug|Any CPU
		{B84F2689-959C-439D-B58A-8AE058E0A0B4}.Release|Any CPU.ActiveCfg = Release|Any CPU
		{B84F2689-959C-439D-B58A-8AE058E0A0B4}.Release|Any CPU.Build.0 = Release|Any CPU
		{577E0176-33D9-4983-B6A9-909E087BC36D}.Debug|Any CPU.ActiveCfg = Debug|Any CPU
		{577E0176-33D9-4983-B6A9-909E087BC36D}.Debug|Any CPU.Build.0 = Debug|Any CPU
		{577E0176-33D9-4983-B6A9-909E087BC36D}.Release|Any CPU.ActiveCfg = Release|Any CPU
		{577E0176-33D9-4983-B6A9-909E087BC36D}.Release|Any CPU.Build.0 = Release|Any CPU
		{C4463951-8D38-43CE-B8AF-5FCFBB8E2538}.Debug|Any CPU.ActiveCfg = Debug|Any CPU
		{C4463951-8D38-43CE-B8AF-5FCFBB8E2538}.Debug|Any CPU.Build.0 = Debug|Any CPU
		{C4463951-8D38-43CE-B8AF-5FCFBB8E2538}.Release|Any CPU.ActiveCfg = Release|Any CPU
		{C4463951-8D38-43CE-B8AF-5FCFBB8E2538}.Release|Any CPU.Build.0 = Release|Any CPU
		{60A526E9-8B5F-4388-82F5-5C5BC248B96C}.Debug|Any CPU.ActiveCfg = Debug|Any CPU
		{60A526E9-8B5F-4388-82F5-5C5BC248B96C}.Debug|Any CPU.Build.0 = Debug|Any CPU
		{60A526E9-8B5F-4388-82F5-5C5BC248B96C}.Release|Any CPU.ActiveCfg = Release|Any CPU
		{60A526E9-8B5F-4388-82F5-5C5BC248B96C}.Release|Any CPU.Build.0 = Release|Any CPU
		{A225878E-6777-4A5D-B897-0BA3D3E97AAA}.Debug|Any CPU.ActiveCfg = Debug|Any CPU
		{A225878E-6777-4A5D-B897-0BA3D3E97AAA}.Debug|Any CPU.Build.0 = Debug|Any CPU
		{A225878E-6777-4A5D-B897-0BA3D3E97AAA}.Release|Any CPU.ActiveCfg = Release|Any CPU
		{A225878E-6777-4A5D-B897-0BA3D3E97AAA}.Release|Any CPU.Build.0 = Release|Any CPU
	EndGlobalSection
	GlobalSection(SolutionProperties) = preSolution
		HideSolutionNode = FALSE
	EndGlobalSection
	GlobalSection(ExtensibilityGlobals) = postSolution
		SolutionGuid = {ECD206FF-3731-49B5-B875-FF8AF8F0CB95}
	EndGlobalSection
EndGlobal
